Microsoft Visual Studio Solution File, Format Version 12.00
# Visual Studio Version 17
VisualStudioVersion = 17.5.2.0
MinimumVisualStudioVersion = 10.0.40219.1
Project("{FAE04EC0-301F-11D3-BF4B-00C04F79EFBC}") = "AppOwnsData", "AppOwnsData.csproj", "{16A1EB16-3F31-A7B9-4672-4DD944F0235A}"
EndProject
Global
	GlobalSection(SolutionConfigurationPlatforms) = preSolution
		Debug|Any CPU = Debug|Any CPU
		Release|Any CPU = Release|Any CPU
	EndGlobalSection
	GlobalSection(ProjectConfigurationPlatforms) = postSolution
		{16A1EB16-3F31-A7B9-4672-4DD944F0235A}.Debug|Any CPU.ActiveCfg = Debug|Any CPU
		{16A1EB16-3F31-A7B9-4672-4DD944F0235A}.Debug|Any CPU.Build.0 = Debug|Any CPU
		{16A1EB16-3F31-A7B9-4672-4DD944F0235A}.Release|Any CPU.ActiveCfg = Release|Any CPU
		{16A1EB16-3F31-A7B9-4672-4DD944F0235A}.Release|Any CPU.Build.0 = Release|Any CPU
	EndGlobalSection
	GlobalSection(SolutionProperties) = preSolution
		HideSolutionNode = FALSE
	EndGlobalSection
	GlobalSection(ExtensibilityGlobals) = postSolution
		SolutionGuid = {2B77C329-7607-4C89-B818-BD887EDB7170}
	EndGlobalSection
EndGlobal
